<Solution>
  <Project Path="src/IronHangul/IronHangul.csproj" />
  <Folder Name="/Project Root/">
    <File Path=".gitignore" />
    <File Path="README.md" />
    <File Path=".editorconfig" />
  </Folder>
  <Project Path="src/IronHangul.OldHangul/IronHangul.OldHangul.csproj" />
  <Project Path="test/IronHangulTest.csproj" />
</Solution>
